
Microsoft Visual Studio Solution File, Format Version 12.00
# Visual Studio Version 17
VisualStudioVersion = 17.8.34525.116
MinimumVisualStudioVersion = 10.0.40219.1
Project("{FAE04EC0-301F-11D3-BF4B-00C04F79EFBC}") = "InventoryManagemetAPI", "InventoryManagemetAPI\InventoryManagemetAPI.csproj", "{8895B3DF-150C-415B-89D8-F68680CC1747}"
EndProject
Global
	GlobalSection(SolutionConfigurationPlatforms) = preSolution
		Debug|Any CPU = Debug|Any CPU
		Release|Any CPU = Release|Any CPU
	EndGlobalSection
	GlobalSection(ProjectConfigurationPlatforms) = postSolution
		{8895B3DF-150C-415B-89D8-F68680CC1747}.Debug|Any CPU.ActiveCfg = Debug|Any CPU
		{8895B3DF-150C-415B-89D8-F68680CC1747}.Debug|Any CPU.Build.0 = Debug|Any CPU
		{8895B3DF-150C-415B-89D8-F68680CC1747}.Release|Any CPU.ActiveCfg = Release|Any CPU
		{8895B3DF-150C-415B-89D8-F68680CC1747}.Release|Any CPU.Build.0 = Release|Any CPU
	EndGlobalSection
	GlobalSection(SolutionProperties) = preSolution
		HideSolutionNode = FALSE
	EndGlobalSection
	GlobalSection(ExtensibilityGlobals) = postSolution
		SolutionGuid = {0FC0DDA6-23C4-476F-A426-4239E7D0C60B}
	EndGlobalSection
EndGlobal
